
Microsoft Visual Studio Solution File, Format Version 12.00
# Visual Studio Version 17
VisualStudioVersion = 17.11.35312.102
MinimumVisualStudioVersion = 10.0.40219.1
Project("{888888A0-9F3D-457C-B088-3A5042F75D52}") = "Mainframe", "Mainframe\Mainframe.pyproj", "{542A4161-8991-4AD5-82B8-B61B60699EDF}"
EndProject
Global
	GlobalSection(SolutionConfigurationPlatforms) = preSolution
		Debug|Any CPU = Debug|Any CPU
		Release|Any CPU = Release|Any CPU
	EndGlobalSection
	GlobalSection(ProjectConfigurationPlatforms) = postSolution
		{542A4161-8991-4AD5-82B8-B61B60699EDF}.Debug|Any CPU.ActiveCfg = Debug|Any CPU
		{542A4161-8991-4AD5-82B8-B61B60699EDF}.Release|Any CPU.ActiveCfg = Release|Any CPU
	EndGlobalSection
	GlobalSection(SolutionProperties) = preSolution
		HideSolutionNode = FALSE
	EndGlobalSection
	GlobalSection(ExtensibilityGlobals) = postSolution
		SolutionGuid = {EC00E682-36D9-47BF-AF88-BCFEE6607C03}
	EndGlobalSection
EndGlobal
